PODS:
  - Alamofire (4.7.0)
  - AlamofireImage (3.3.0):
    - Alamofire (~> 4.5)
  - AppAuth (0.92.0)
  - ASN1Decoder (1.1)
  - BNRCoreDataStack (2.3.1)
  - Crashlytics (3.10.1):
    - Fabric (~> 1.7.5)
  - Disk (0.3.3)
  - Fabric (1.7.5)
  - KeychainSwift (10.0.0)
  - Moya (11.0.1):
    - Moya/Core (= 11.0.1)
  - Moya/Core (11.0.1):
    - Alamofire (~> 4.1)
    - Result (~> 3.0)
  - PromiseKit/CorePromise (6.2.1)
  - Result (3.2.4)
  - Sodium (0.6)
  - SwiftLint (0.25.0)

DEPENDENCIES:
  - AlamofireImage
  - AppAuth
  - ASN1Decoder
  - BNRCoreDataStack
  - Crashlytics
  - Disk
  - Fabric
  - KeychainSwift
  - Moya
  - PromiseKit/CorePromise
  - Sodium
  - SwiftLint

SPEC CHECKSUMS:
  Alamofire: 907e0a98eb68cdb7f9d1f541a563d6ac5dc77b25
  AlamofireImage: 2e784dc5d00f04903a52c1d169181469c805c3df
  AppAuth: 3f4f1d6d85ad631d0bbf15ffcdc10c447face97a
  ASN1Decoder: c7feaab63458baa7a14c585f120ba929e61b8c3f
  BNRCoreDataStack: d9d7d0ed1afd27dca5a903dde1250aa4c6dbc3f5
  Crashlytics: aee1a064cbbf99b32efa3f056a5f458d846bc8ff
  Disk: d1f55cd61f6ca20f368232d0c6e37e3c3dfcb63e
  Fabric: ae7146a5f505ea370a1e44820b4b1dc8890e2890
  KeychainSwift: f9f7910449a0c0fd2cabc889121530dd2c477c33
  Moya: 3d594ada51a21cc02b18739ab578a1984f900c8a
  PromiseKit: edaca6f0a7ed73b08c287600537d13867a7fabc7
  Result: d2d07204ce72856f1fd9130bbe42c35a7b0fea10
  Sodium: bf524b0a3d5ad6870dcf343205cca7e659c15ad5
  SwiftLint: e14651157288e9e01d6e1a71db7014fb5744a8ea

PODFILE CHECKSUM: 0fbb5423bc30194c497dd97a7ce318cde526aa0f

COCOAPODS: 1.4.0
