PODS:
  - Alamofire (4.9.1)
  - AppAuth (1.3.0):
    - AppAuth/Core (= 1.3.0)
    - AppAuth/ExternalUserAgent (= 1.3.0)
  - AppAuth/Core (1.3.0)
  - AppAuth/ExternalUserAgent (1.3.0)
  - ASN1Decoder (1.3.3)
  - FileKit (5.2.0)
  - Kingfisher (5.11.0):
    - Kingfisher/Core (= 5.11.0)
  - Kingfisher/Core (5.11.0)
  - libsodium (1.0.12)
  - Moya (13.0.1):
    - Moya/Core (= 13.0.1)
  - Moya/Core (13.0.1):
    - Alamofire (~> 4.1)
    - Result (~> 4.1)
  - OpenSSL-Apple (1.1.1d.5a)
  - PromiseKit/CorePromise (6.12.0)
  - Result (4.1.0)
  - SwiftyBeaver (1.8.3)
  - TunnelKit (2.1.0):
    - TunnelKit/Protocols/OpenVPN (= 2.1.0)
  - TunnelKit/AppExtension (2.1.0):
    - SwiftyBeaver
    - TunnelKit/Core
  - TunnelKit/Core (2.1.0):
    - SwiftyBeaver
  - TunnelKit/Protocols/OpenVPN (2.1.0):
    - OpenSSL-Apple (~> 1.1.1d.5a)
    - TunnelKit/AppExtension
    - TunnelKit/Core

DEPENDENCIES:
  - AppAuth (from `https://github.com/openid/AppAuth-iOS.git`)
  - ASN1Decoder
  - FileKit
  - Kingfisher
  - libsodium
  - Moya
  - PromiseKit/CorePromise
  - TunnelKit

SPEC REPOS:
  https://cdn.cocoapods.org/:
    - Alamofire
    - ASN1Decoder
    - FileKit
    - Kingfisher
    - libsodium
    - Moya
    - OpenSSL-Apple
    - PromiseKit
    - Result
    - SwiftyBeaver
    - TunnelKit

EXTERNAL SOURCES:
  AppAuth:
    :git: https://github.com/openid/AppAuth-iOS.git

CHECKOUT OPTIONS:
  AppAuth:
    :commit: 7e0b5c100d69caac34372efdad34b22b3464ddea
    :git: https://github.com/openid/AppAuth-iOS.git

SPEC CHECKSUMS:
  Alamofire: 85e8a02c69d6020a0d734f6054870d7ecb75cf18
  AppAuth: 73574f3013a1e65b9601a3ddc8b3158cce68c09d
  ASN1Decoder: c85bbe9d75370dab47503c13c4de213adf3a1442
  FileKit: 10bfd8a3023a0b09f24c9f49546cbbddf43fd464
  Kingfisher: 4569606189149e19c7d9439f47e885d0679b7a90
  libsodium: 9a8faa5ef2fa0d2d57bd7f7d79bf8fb7c1a9f0ea
  Moya: f4a4b80ff2f8a4ffc208dfb31cd91636622fee6e
  OpenSSL-Apple: 2c9efbc94e0a1ada434cc197b02bd70052a82281
  PromiseKit: c06835ba442ce5454ce3cdde470232804a6e4ff8
  Result: bd966fac789cc6c1563440b348ab2598cc24d5c7
  SwiftyBeaver: 3d3e93a12d648bd400b6f2948a7ef128b5b183c7
  TunnelKit: ddcccbf8c984e2760a42899e311e7991f21e42cc

PODFILE CHECKSUM: bab9873bf05ca71eef7ff78f23cef7bd7a16d15d

COCOAPODS: 1.8.4
