PODS:
  - Alamofire (4.5.1)
  - AlamofireImage (3.3.0):
    - Alamofire (~> 4.5)
  - AppAuth (0.91.0)
  - ASN1Decoder (1.0.3)
  - BNRCoreDataStack (2.3.1)
  - Crashlytics (3.9.3):
    - Fabric (~> 1.7.2)
  - Disk (0.3.3)
  - Fabric (1.7.2)
  - KeychainSwift (10.0.0)
  - Moya (10.0.1):
    - Moya/Core (= 10.0.1)
  - Moya/Core (10.0.1):
    - Alamofire (~> 4.1)
    - Result (~> 3.0)
  - PromiseKit/CorePromise (4.5.0)
  - Result (3.2.4)
  - Sodium (0.5)
  - SwiftLint (0.24.0)

DEPENDENCIES:
  - AlamofireImage
  - AppAuth
  - ASN1Decoder
  - BNRCoreDataStack
  - Crashlytics
  - Disk
  - Fabric
  - KeychainSwift
  - Moya
  - PromiseKit/CorePromise
  - Sodium
  - SwiftLint

SPEC CHECKSUMS:
  Alamofire: 2d95912bf4c34f164fdfc335872e8c312acaea4a
  AlamofireImage: 2e784dc5d00f04903a52c1d169181469c805c3df
  AppAuth: 3e0dc9c00ef333dc62064e4830aa89b597ae8d2f
  ASN1Decoder: 41733d219ceb4b8761e60ce6e493bdb509536968
  BNRCoreDataStack: d9d7d0ed1afd27dca5a903dde1250aa4c6dbc3f5
  Crashlytics: dbb07d01876c171c5ccbdf7826410380189e452c
  Disk: d1f55cd61f6ca20f368232d0c6e37e3c3dfcb63e
  Fabric: 9cd6a848efcf1b8b07497e0b6a2e7d336353ba15
  KeychainSwift: f9f7910449a0c0fd2cabc889121530dd2c477c33
  Moya: 9e621707ff754eeb51ff3ec51a3d54e517c0733a
  PromiseKit: 9c1d9f6d7b65e3951a90bea7f407c56972be5d8e
  Result: d2d07204ce72856f1fd9130bbe42c35a7b0fea10
  Sodium: a3a17f2ba2dc1b83547e13db0075e7c5d426fc55
  SwiftLint: a014c92b4664e8b13f380f8640a51bb1733778ba

PODFILE CHECKSUM: 0fbb5423bc30194c497dd97a7ce318cde526aa0f

COCOAPODS: 1.4.0
