// !$*UTF8*$!
{
	archiveVersion = 1;
	classes = {
	};
	objectVersion = 77;
	objects = {

/* Begin PBXBuildFile section */
		6FC8D1B12D48CF8E006107CF /* NetworkExtension.framework in Frameworks */ = {isa = PBXBuildFile; fileRef = 6FC8D1B02D48CF8E006107CF /* NetworkExtension.framework */; };
		6FC8D1B92D48CF8E006107CF /* TunnelExtension-macOS.appex in Embed Foundation Extensions */ = {isa = PBXBuildFile; fileRef = 6FC8D1AE2D48CF8E006107CF /* TunnelExtension-macOS.appex */; platformFilters = (macos, ); settings = {ATTRIBUTES = (RemoveHeadersOnCopy, ); }; };
		6FC8D1F32D48D2B5006107CF /* NetworkExtension.framework in Frameworks */ = {isa = PBXBuildFile; fileRef = 6FC8D1B02D48CF8E006107CF /* NetworkExtension.framework */; };
		6FC8D1FB2D48D2B5006107CF /* TunnelExtension-iOS.appex in Embed Foundation Extensions */ = {isa = PBXBuildFile; fileRef = 6FC8D1F22D48D2B5006107CF /* TunnelExtension-iOS.appex */; platformFilter = ios; settings = {ATTRIBUTES = (RemoveHeadersOnCopy, ); }; };
		6FE9C3C82D49E658000E2D4F /* PacketTunnelProvider.swift in Sources */ = {isa = PBXBuildFile; fileRef = 6FE9C3C62D49E5F8000E2D4F /* PacketTunnelProvider.swift */; };
		6FE9C3C92D49E658000E2D4F /* PacketTunnelProvider.swift in Sources */ = {isa = PBXBuildFile; fileRef = 6FE9C3C62D49E5F8000E2D4F /* PacketTunnelProvider.swift */; };
		6FE9C3CA2D49E665000E2D4F /* TunnelConfiguration+WgQuickConfig.swift in Sources */ = {isa = PBXBuildFile; fileRef = 6FE9C3C32D49E5F8000E2D4F /* TunnelConfiguration+WgQuickConfig.swift */; };
		6FE9C3CB2D49E665000E2D4F /* TunnelConfiguration+UapiConfig.swift in Sources */ = {isa = PBXBuildFile; fileRef = 6FE9C3C22D49E5F8000E2D4F /* TunnelConfiguration+UapiConfig.swift */; };
		6FE9C3CC2D49E665000E2D4F /* WireGuardAdapterInterface.swift in Sources */ = {isa = PBXBuildFile; fileRef = 6FE9C3C42D49E5F8000E2D4F /* WireGuardAdapterInterface.swift */; };
		6FE9C3CD2D49E665000E2D4F /* String+ArrayConversion.swift in Sources */ = {isa = PBXBuildFile; fileRef = 6FE9C3C12D49E5F8000E2D4F /* String+ArrayConversion.swift */; };
		6FE9C3CE2D49E665000E2D4F /* TunnelConfiguration+WgQuickConfig.swift in Sources */ = {isa = PBXBuildFile; fileRef = 6FE9C3C32D49E5F8000E2D4F /* TunnelConfiguration+WgQuickConfig.swift */; };
		6FE9C3CF2D49E665000E2D4F /* WireGuardAdapterInterface.swift in Sources */ = {isa = PBXBuildFile; fileRef = 6FE9C3C42D49E5F8000E2D4F /* WireGuardAdapterInterface.swift */; };
		6FE9C3D02D49E665000E2D4F /* TunnelConfiguration+UapiConfig.swift in Sources */ = {isa = PBXBuildFile; fileRef = 6FE9C3C22D49E5F8000E2D4F /* TunnelConfiguration+UapiConfig.swift */; };
		6FE9C3D12D49E665000E2D4F /* String+ArrayConversion.swift in Sources */ = {isa = PBXBuildFile; fileRef = 6FE9C3C12D49E5F8000E2D4F /* String+ArrayConversion.swift */; };
		6FE9C3D22D49E66C000E2D4F /* OpenVPNAdapterInterface.swift in Sources */ = {isa = PBXBuildFile; fileRef = 6FE9C3BF2D49E5F8000E2D4F /* OpenVPNAdapterInterface.swift */; };
		6FE9C3D32D49E66C000E2D4F /* OpenVPNAdapterInterface.swift in Sources */ = {isa = PBXBuildFile; fileRef = 6FE9C3BF2D49E5F8000E2D4F /* OpenVPNAdapterInterface.swift */; };
		6FE9C3D52D49E6A7000E2D4F /* WireGuardKit in Frameworks */ = {isa = PBXBuildFile; productRef = 6FE9C3D42D49E6A7000E2D4F /* WireGuardKit */; };
		6FE9C3D72D49E6B2000E2D4F /* WireGuardKit in Frameworks */ = {isa = PBXBuildFile; productRef = 6FE9C3D62D49E6B2000E2D4F /* WireGuardKit */; };
		6FE9C3D92D49E6CF000E2D4F /* TunnelKit in Frameworks */ = {isa = PBXBuildFile; productRef = 6FE9C3D82D49E6CF000E2D4F /* TunnelKit */; };
		6FE9C3DB2D49E6D7000E2D4F /* TunnelKit in Frameworks */ = {isa = PBXBuildFile; productRef = 6FE9C3DA2D49E6D7000E2D4F /* TunnelKit */; };
		6FE9C3E12D49E8DA000E2D4F /* TunnelKitOpenVPN in Frameworks */ = {isa = PBXBuildFile; productRef = 6FE9C3E02D49E8DA000E2D4F /* TunnelKitOpenVPN */; };
		6FE9C3E52D49E936000E2D4F /* Shared.swift in Sources */ = {isa = PBXBuildFile; fileRef = 6FE9C3E32D49E936000E2D4F /* Shared.swift */; };
		6FE9C3E62D49E936000E2D4F /* Logger.swift in Sources */ = {isa = PBXBuildFile; fileRef = 6FE9C3E22D49E936000E2D4F /* Logger.swift */; };
		6FE9C3E72D49E936000E2D4F /* Shared.swift in Sources */ = {isa = PBXBuildFile; fileRef = 6FE9C3E32D49E936000E2D4F /* Shared.swift */; };
		6FE9C3E82D49E936000E2D4F /* Logger.swift in Sources */ = {isa = PBXBuildFile; fileRef = 6FE9C3E22D49E936000E2D4F /* Logger.swift */; };
		6FE9C3E92D49E936000E2D4F /* Shared.swift in Sources */ = {isa = PBXBuildFile; fileRef = 6FE9C3E32D49E936000E2D4F /* Shared.swift */; };
		6FE9C3EA2D49E936000E2D4F /* Logger.swift in Sources */ = {isa = PBXBuildFile; fileRef = 6FE9C3E22D49E936000E2D4F /* Logger.swift */; };
		6FE9C3EC2D49E96F000E2D4F /* TunnelKitOpenVPNAppExtension in Frameworks */ = {isa = PBXBuildFile; productRef = 6FE9C3EB2D49E96F000E2D4F /* TunnelKitOpenVPNAppExtension */; };
		6FE9C3EE2D49EA79000E2D4F /* TunnelKitOpenVPN in Frameworks */ = {isa = PBXBuildFile; productRef = 6FE9C3ED2D49EA79000E2D4F /* TunnelKitOpenVPN */; };
		6FE9C3F02D49EA7C000E2D4F /* TunnelKitOpenVPNAppExtension in Frameworks */ = {isa = PBXBuildFile; productRef = 6FE9C3EF2D49EA7C000E2D4F /* TunnelKitOpenVPNAppExtension */; };
/* End PBXBuildFile section */

/* Begin PBXContainerItemProxy section */
		6FC8D1B72D48CF8E006107CF /* PBXContainerItemProxy */ = {
			isa = PBXContainerItemProxy;
			containerPortal = 6FC1A4F52D421C59005DF64E /* Project object */;
			proxyType = 1;
			remoteGlobalIDString = 6FC8D1AD2D48CF8E006107CF;
			remoteInfo = TunnelExtensionmacOS;
		};
		6FC8D1F92D48D2B5006107CF /* PBXContainerItemProxy */ = {
			isa = PBXContainerItemProxy;
			containerPortal = 6FC1A4F52D421C59005DF64E /* Project object */;
			proxyType = 1;
			remoteGlobalIDString = 6FC8D1F12D48D2B5006107CF;
			remoteInfo = TunnelExtensioniOS;
		};
		6FE9C3DC2D49E6EC000E2D4F /* PBXContainerItemProxy */ = {
			isa = PBXContainerItemProxy;
			containerPortal = 6FC1A4F52D421C59005DF64E /* Project object */;
			proxyType = 1;
			remoteGlobalIDString = 6FC8D22C2D48D94D006107CF;
			remoteInfo = "WireGuardGoBridge-iOS";
		};
		6FE9C3DE2D49E6FB000E2D4F /* PBXContainerItemProxy */ = {
			isa = PBXContainerItemProxy;
			containerPortal = 6FC1A4F52D421C59005DF64E /* Project object */;
			proxyType = 1;
			remoteGlobalIDString = 6FC8D2282D48D3E8006107CF;
			remoteInfo = "WireGuardGoBridge-macOS";
		};
/* End PBXContainerItemProxy section */

/* Begin PBXCopyFilesBuildPhase section */
		6FC8D1BA2D48CF8E006107CF /* Embed Foundation Extensions */ = {
			isa = PBXCopyFilesBuildPhase;
			buildActionMask = 2147483647;
			dstPath = "";
			dstSubfolderSpec = 13;
			files = (
				6FC8D1FB2D48D2B5006107CF /* TunnelExtension-iOS.appex in Embed Foundation Extensions */,
				6FC8D1B92D48CF8E006107CF /* TunnelExtension-macOS.appex in Embed Foundation Extensions */,
			);
			name = "Embed Foundation Extensions";
			runOnlyForDeploymentPostprocessing = 0;
		};
/* End PBXCopyFilesBuildPhase section */

/* Begin PBXFileReference section */
		6FC044422D48CBB600E80B1C /* App.xcconfig */ = {isa = PBXFileReference; lastKnownFileType = text.xcconfig; name = App.xcconfig; path = xcconfig/App.xcconfig; sourceTree = "<group>"; };
		6FC1A4FD2D421C59005DF64E /* EduVPN.app */ = {isa = PBXFileReference; explicitFileType = wrapper.application; includeInIndex = 0; path = EduVPN.app; sourceTree = BUILT_PRODUCTS_DIR; };
		6FC8D1AE2D48CF8E006107CF /* TunnelExtension-macOS.appex */ = {isa = PBXFileReference; explicitFileType = "wrapper.app-extension"; includeInIndex = 0; path = "TunnelExtension-macOS.appex"; sourceTree = BUILT_PRODUCTS_DIR; };
		6FC8D1B02D48CF8E006107CF /* NetworkExtension.framework */ = {isa = PBXFileReference; lastKnownFileType = wrapper.framework; name = NetworkExtension.framework; path = System/Library/Frameworks/NetworkExtension.framework; sourceTree = SDKROOT; };
		6FC8D1BF2D48CFB2006107CF /* TunnelExtension.xcconfig */ = {isa = PBXFileReference; lastKnownFileType = text.xcconfig; name = TunnelExtension.xcconfig; path = xcconfig/TunnelExtension.xcconfig; sourceTree = "<group>"; };
		6FC8D1F22D48D2B5006107CF /* TunnelExtension-iOS.appex */ = {isa = PBXFileReference; explicitFileType = "wrapper.app-extension"; includeInIndex = 0; path = "TunnelExtension-iOS.appex"; sourceTree = BUILT_PRODUCTS_DIR; };
		6FE9C3B92D49E5F8000E2D4F /* Info.plist */ = {isa = PBXFileReference; lastKnownFileType = text.plist.xml; path = Info.plist; sourceTree = "<group>"; };
		6FE9C3BA2D49E5F8000E2D4F /* TunnelExtension.entitlements */ = {isa = PBXFileReference; lastKnownFileType = text.plist.entitlements; path = TunnelExtension.entitlements; sourceTree = "<group>"; };
		6FE9C3BC2D49E5F8000E2D4F /* Info.plist */ = {isa = PBXFileReference; lastKnownFileType = text.plist.xml; path = Info.plist; sourceTree = "<group>"; };
		6FE9C3BD2D49E5F8000E2D4F /* TunnelExtension.entitlements */ = {isa = PBXFileReference; lastKnownFileType = text.plist.entitlements; path = TunnelExtension.entitlements; sourceTree = "<group>"; };
		6FE9C3BF2D49E5F8000E2D4F /* OpenVPNAdapterInterface.swift */ = {isa = PBXFileReference; lastKnownFileType = sourcecode.swift; path = OpenVPNAdapterInterface.swift; sourceTree = "<group>"; };
		6FE9C3C12D49E5F8000E2D4F /* String+ArrayConversion.swift */ = {isa = PBXFileReference; lastKnownFileType = sourcecode.swift; path = "String+ArrayConversion.swift"; sourceTree = "<group>"; };
		6FE9C3C22D49E5F8000E2D4F /* TunnelConfiguration+UapiConfig.swift */ = {isa = PBXFileReference; lastKnownFileType = sourcecode.swift; path = "TunnelConfiguration+UapiConfig.swift"; sourceTree = "<group>"; };
		6FE9C3C32D49E5F8000E2D4F /* TunnelConfiguration+WgQuickConfig.swift */ = {isa = PBXFileReference; lastKnownFileType = sourcecode.swift; path = "TunnelConfiguration+WgQuickConfig.swift"; sourceTree = "<group>"; };
		6FE9C3C42D49E5F8000E2D4F /* WireGuardAdapterInterface.swift */ = {isa = PBXFileReference; lastKnownFileType = sourcecode.swift; path = WireGuardAdapterInterface.swift; sourceTree = "<group>"; };
		6FE9C3C62D49E5F8000E2D4F /* PacketTunnelProvider.swift */ = {isa = PBXFileReference; lastKnownFileType = sourcecode.swift; path = PacketTunnelProvider.swift; sourceTree = "<group>"; };
		6FE9C3E22D49E936000E2D4F /* Logger.swift */ = {isa = PBXFileReference; lastKnownFileType = sourcecode.swift; path = Logger.swift; sourceTree = "<group>"; };
		6FE9C3E32D49E936000E2D4F /* Shared.swift */ = {isa = PBXFileReference; lastKnownFileType = sourcecode.swift; path = Shared.swift; sourceTree = "<group>"; };
/* End PBXFileReference section */

/* Begin PBXFileSystemSynchronizedBuildFileExceptionSet section */
		6FC8D1BD2D48CF8E006107CF /* Exceptions for "TunnelExtensionmacOS" folder in "TunnelExtension-macOS" target */ = {
			isa = PBXFileSystemSynchronizedBuildFileExceptionSet;
			membershipExceptions = (
				Info.plist,
				PacketTunnelProvider.swift,
			);
			target = 6FC8D1AD2D48CF8E006107CF /* TunnelExtension-macOS */;
		};
		6FC8D1FE2D48D2B5006107CF /* Exceptions for "TunnelExtensioniOS" folder in "TunnelExtension-iOS" target */ = {
			isa = PBXFileSystemSynchronizedBuildFileExceptionSet;
			membershipExceptions = (
				Info.plist,
				PacketTunnelProvider.swift,
			);
			target = 6FC8D1F12D48D2B5006107CF /* TunnelExtension-iOS */;
		};
/* End PBXFileSystemSynchronizedBuildFileExceptionSet section */

/* Begin PBXFileSystemSynchronizedRootGroup section */
		6FC1A4FF2D421C59005DF64E /* EduVPN */ = {
			isa = PBXFileSystemSynchronizedRootGroup;
			path = EduVPN;
			sourceTree = "<group>";
		};
		6FC8D1B22D48CF8E006107CF /* TunnelExtensionmacOS */ = {
			isa = PBXFileSystemSynchronizedRootGroup;
			exceptions = (
				6FC8D1BD2D48CF8E006107CF /* Exceptions for "TunnelExtensionmacOS" folder in "TunnelExtension-macOS" target */,
			);
			path = TunnelExtensionmacOS;
			sourceTree = "<group>";
		};
		6FC8D1F42D48D2B5006107CF /* TunnelExtensioniOS */ = {
			isa = PBXFileSystemSynchronizedRootGroup;
			exceptions = (
				6FC8D1FE2D48D2B5006107CF /* Exceptions for "TunnelExtensioniOS" folder in "TunnelExtension-iOS" target */,
			);
			path = TunnelExtensioniOS;
			sourceTree = "<group>";
		};
/* End PBXFileSystemSynchronizedRootGroup section */

/* Begin PBXFrameworksBuildPhase section */
		6FC1A4FA2D421C59005DF64E /* Frameworks */ = {
			isa = PBXFrameworksBuildPhase;
			buildActionMask = 2147483647;
			files = (
			);
			runOnlyForDeploymentPostprocessing = 0;
		};
		6FC8D1AB2D48CF8E006107CF /* Frameworks */ = {
			isa = PBXFrameworksBuildPhase;
			buildActionMask = 2147483647;
			files = (
				6FE9C3EC2D49E96F000E2D4F /* TunnelKitOpenVPNAppExtension in Frameworks */,
				6FE9C3E12D49E8DA000E2D4F /* TunnelKitOpenVPN in Frameworks */,
				6FE9C3D92D49E6CF000E2D4F /* TunnelKit in Frameworks */,
				6FE9C3D72D49E6B2000E2D4F /* WireGuardKit in Frameworks */,
				6FC8D1B12D48CF8E006107CF /* NetworkExtension.framework in Frameworks */,
			);
			runOnlyForDeploymentPostprocessing = 0;
		};
		6FC8D1EF2D48D2B5006107CF /* Frameworks */ = {
			isa = PBXFrameworksBuildPhase;
			buildActionMask = 2147483647;
			files = (
				6FE9C3F02D49EA7C000E2D4F /* TunnelKitOpenVPNAppExtension in Frameworks */,
				6FE9C3EE2D49EA79000E2D4F /* TunnelKitOpenVPN in Frameworks */,
				6FE9C3DB2D49E6D7000E2D4F /* TunnelKit in Frameworks */,
				6FE9C3D52D49E6A7000E2D4F /* WireGuardKit in Frameworks */,
				6FC8D1F32D48D2B5006107CF /* NetworkExtension.framework in Frameworks */,
			);
			runOnlyForDeploymentPostprocessing = 0;
		};
/* End PBXFrameworksBuildPhase section */

/* Begin PBXGroup section */
		6FC1A4F42D421C59005DF64E = {
			isa = PBXGroup;
			children = (
				6FC044422D48CBB600E80B1C /* App.xcconfig */,
				6FC8D1BF2D48CFB2006107CF /* TunnelExtension.xcconfig */,
				6FC1A4FF2D421C59005DF64E /* EduVPN */,
				6FE9C3E42D49E936000E2D4F /* Shared */,
				6FE9C3C72D49E5F8000E2D4F /* TunnelExtension */,
				6FC8D1B22D48CF8E006107CF /* TunnelExtensionmacOS */,
				6FC8D1F42D48D2B5006107CF /* TunnelExtensioniOS */,
				6FC8D1AF2D48CF8E006107CF /* Frameworks */,
				6FC1A4FE2D421C59005DF64E /* Products */,
			);
			sourceTree = "<group>";
		};
		6FC1A4FE2D421C59005DF64E /* Products */ = {
			isa = PBXGroup;
			children = (
				6FC1A4FD2D421C59005DF64E /* EduVPN.app */,
				6FC8D1AE2D48CF8E006107CF /* TunnelExtension-macOS.appex */,
				6FC8D1F22D48D2B5006107CF /* TunnelExtension-iOS.appex */,
			);
			name = Products;
			sourceTree = "<group>";
		};
		6FC8D1AF2D48CF8E006107CF /* Frameworks */ = {
			isa = PBXGroup;
			children = (
				6FC8D1B02D48CF8E006107CF /* NetworkExtension.framework */,
			);
			name = Frameworks;
			sourceTree = "<group>";
		};
		6FE9C3BB2D49E5F8000E2D4F /* iOS */ = {
			isa = PBXGroup;
			children = (
				6FE9C3B92D49E5F8000E2D4F /* Info.plist */,
				6FE9C3BA2D49E5F8000E2D4F /* TunnelExtension.entitlements */,
			);
			path = iOS;
			sourceTree = "<group>";
		};
		6FE9C3BE2D49E5F8000E2D4F /* Mac */ = {
			isa = PBXGroup;
			children = (
				6FE9C3BC2D49E5F8000E2D4F /* Info.plist */,
				6FE9C3BD2D49E5F8000E2D4F /* TunnelExtension.entitlements */,
			);
			path = Mac;
			sourceTree = "<group>";
		};
		6FE9C3C02D49E5F8000E2D4F /* OpenVPN */ = {
			isa = PBXGroup;
			children = (
				6FE9C3BF2D49E5F8000E2D4F /* OpenVPNAdapterInterface.swift */,
			);
			path = OpenVPN;
			sourceTree = "<group>";
		};
		6FE9C3C52D49E5F8000E2D4F /* WireGuard */ = {
			isa = PBXGroup;
			children = (
				6FE9C3C12D49E5F8000E2D4F /* String+ArrayConversion.swift */,
				6FE9C3C22D49E5F8000E2D4F /* TunnelConfiguration+UapiConfig.swift */,
				6FE9C3C32D49E5F8000E2D4F /* TunnelConfiguration+WgQuickConfig.swift */,
				6FE9C3C42D49E5F8000E2D4F /* WireGuardAdapterInterface.swift */,
			);
			path = WireGuard;
			sourceTree = "<group>";
		};
		6FE9C3C72D49E5F8000E2D4F /* TunnelExtension */ = {
			isa = PBXGroup;
			children = (
				6FE9C3BB2D49E5F8000E2D4F /* iOS */,
				6FE9C3BE2D49E5F8000E2D4F /* Mac */,
				6FE9C3C02D49E5F8000E2D4F /* OpenVPN */,
				6FE9C3C52D49E5F8000E2D4F /* WireGuard */,
				6FE9C3C62D49E5F8000E2D4F /* PacketTunnelProvider.swift */,
			);
			path = TunnelExtension;
			sourceTree = "<group>";
		};
		6FE9C3E42D49E936000E2D4F /* Shared */ = {
			isa = PBXGroup;
			children = (
				6FE9C3E22D49E936000E2D4F /* Logger.swift */,
				6FE9C3E32D49E936000E2D4F /* Shared.swift */,
			);
			path = Shared;
			sourceTree = "<group>";
		};
/* End PBXGroup section */

/* Begin PBXLegacyTarget section */
		6FC8D2282D48D3E8006107CF /* WireGuardGoBridge-macOS */ = {
			isa = PBXLegacyTarget;
			buildArgumentsString = "";
			buildConfigurationList = 6FC8D2292D48D3E9006107CF /* Build configuration list for PBXLegacyTarget "WireGuardGoBridge-macOS" */;
			buildPhases = (
			);
			buildToolPath = $PROJECT_DIR/../Scripts/build_wireguard_go_bridge.sh;
			buildWorkingDirectory = "";
			dependencies = (
			);
			name = "WireGuardGoBridge-macOS";
			packageProductDependencies = (
			);
			passBuildSettingsInEnvironment = 1;
			productName = "WireGuardGoBridge-macOS";
		};
		6FC8D22C2D48D94D006107CF /* WireGuardGoBridge-iOS */ = {
			isa = PBXLegacyTarget;
			buildArgumentsString = "$(ACTION)";
			buildConfigurationList = 6FC8D22D2D48D94D006107CF /* Build configuration list for PBXLegacyTarget "WireGuardGoBridge-iOS" */;
			buildPhases = (
			);
			buildToolPath = $PROJECT_DIR/../Scripts/build_wireguard_go_bridge.sh;
			buildWorkingDirectory = "";
			dependencies = (
			);
			name = "WireGuardGoBridge-iOS";
			packageProductDependencies = (
			);
			passBuildSettingsInEnvironment = 1;
			productName = "WireGuardGoBridge-iOS";
		};
/* End PBXLegacyTarget section */

/* Begin PBXNativeTarget section */
		6FC1A4FC2D421C59005DF64E /* EduVPN */ = {
			isa = PBXNativeTarget;
			buildConfigurationList = 6FC1A50C2D421C5A005DF64E /* Build configuration list for PBXNativeTarget "EduVPN" */;
			buildPhases = (
				6FC1A4F92D421C59005DF64E /* Sources */,
				6FC1A4FA2D421C59005DF64E /* Frameworks */,
				6FC1A4FB2D421C59005DF64E /* Resources */,
				6FC8D1BA2D48CF8E006107CF /* Embed Foundation Extensions */,
			);
			buildRules = (
			);
			dependencies = (
				6FC8D1B82D48CF8E006107CF /* PBXTargetDependency */,
				6FC8D1FA2D48D2B5006107CF /* PBXTargetDependency */,
			);
			fileSystemSynchronizedGroups = (
				6FC1A4FF2D421C59005DF64E /* EduVPN */,
			);
			name = EduVPN;
			packageProductDependencies = (
			);
			productName = EduVPN;
			productReference = 6FC1A4FD2D421C59005DF64E /* EduVPN.app */;
			productType = "com.apple.product-type.application";
		};
		6FC8D1AD2D48CF8E006107CF /* TunnelExtension-macOS */ = {
			isa = PBXNativeTarget;
			buildConfigurationList = 6FC8D1BE2D48CF8E006107CF /* Build configuration list for PBXNativeTarget "TunnelExtension-macOS" */;
			buildPhases = (
				6FC8D1AA2D48CF8E006107CF /* Sources */,
				6FC8D1AB2D48CF8E006107CF /* Frameworks */,
				6FC8D1AC2D48CF8E006107CF /* Resources */,
			);
			buildRules = (
			);
			dependencies = (
				6FE9C3DF2D49E6FB000E2D4F /* PBXTargetDependency */,
			);
			fileSystemSynchronizedGroups = (
				6FC8D1B22D48CF8E006107CF /* TunnelExtensionmacOS */,
			);
			name = "TunnelExtension-macOS";
			packageProductDependencies = (
				6FE9C3D62D49E6B2000E2D4F /* WireGuardKit */,
				6FE9C3D82D49E6CF000E2D4F /* TunnelKit */,
				6FE9C3E02D49E8DA000E2D4F /* TunnelKitOpenVPN */,
				6FE9C3EB2D49E96F000E2D4F /* TunnelKitOpenVPNAppExtension */,
			);
			productName = TunnelExtensionmacOS;
			productReference = 6FC8D1AE2D48CF8E006107CF /* TunnelExtension-macOS.appex */;
			productType = "com.apple.product-type.app-extension";
		};
		6FC8D1F12D48D2B5006107CF /* TunnelExtension-iOS */ = {
			isa = PBXNativeTarget;
			buildConfigurationList = 6FC8D1FF2D48D2B5006107CF /* Build configuration list for PBXNativeTarget "TunnelExtension-iOS" */;
			buildPhases = (
				6FC8D1EE2D48D2B5006107CF /* Sources */,
				6FC8D1EF2D48D2B5006107CF /* Frameworks */,
				6FC8D1F02D48D2B5006107CF /* Resources */,
			);
			buildRules = (
			);
			dependencies = (
				6FE9C3DD2D49E6EC000E2D4F /* PBXTargetDependency */,
			);
			fileSystemSynchronizedGroups = (
				6FC8D1F42D48D2B5006107CF /* TunnelExtensioniOS */,
			);
			name = "TunnelExtension-iOS";
			packageProductDependencies = (
				6FE9C3D42D49E6A7000E2D4F /* WireGuardKit */,
				6FE9C3DA2D49E6D7000E2D4F /* TunnelKit */,
				6FE9C3ED2D49EA79000E2D4F /* TunnelKitOpenVPN */,
				6FE9C3EF2D49EA7C000E2D4F /* TunnelKitOpenVPNAppExtension */,
			);
			productName = TunnelExtensioniOS;
			productReference = 6FC8D1F22D48D2B5006107CF /* TunnelExtension-iOS.appex */;
			productType = "com.apple.product-type.app-extension";
		};
/* End PBXNativeTarget section */

/* Begin PBXProject section */
		6FC1A4F52D421C59005DF64E /* Project object */ = {
			isa = PBXProject;
			attributes = {
				BuildIndependentTargetsInParallel = 1;
				LastSwiftUpdateCheck = 1620;
				LastUpgradeCheck = 1620;
				TargetAttributes = {
					6FC1A4FC2D421C59005DF64E = {
						CreatedOnToolsVersion = 16.2;
					};
					6FC8D1AD2D48CF8E006107CF = {
						CreatedOnToolsVersion = 16.2;
					};
					6FC8D1F12D48D2B5006107CF = {
						CreatedOnToolsVersion = 16.2;
					};
					6FC8D2282D48D3E8006107CF = {
						CreatedOnToolsVersion = 16.2;
					};
					6FC8D22C2D48D94D006107CF = {
						CreatedOnToolsVersion = 16.2;
					};
				};
			};
			buildConfigurationList = 6FC1A4F82D421C59005DF64E /* Build configuration list for PBXProject "EduVPN" */;
			developmentRegion = en;
			hasScannedForEncodings = 0;
			knownRegions = (
				en,
				Base,
			);
			mainGroup = 6FC1A4F42D421C59005DF64E;
			minimizedProjectReferenceProxies = 1;
			packageReferences = (
				6FC2AAD82D48DA8B00BFEB8A /* XCRemoteSwiftPackageReference "wireguard-apple" */,
				6FC2AAD92D48DE9D00BFEB8A /* XCRemoteSwiftPackageReference "tunnelkit" */,
			);
			preferredProjectObjectVersion = 77;
			productRefGroup = 6FC1A4FE2D421C59005DF64E /* Products */;
			projectDirPath = "";
			projectRoot = "";
			targets = (
				6FC1A4FC2D421C59005DF64E /* EduVPN */,
				6FC8D1AD2D48CF8E006107CF /* TunnelExtension-macOS */,
				6FC8D2282D48D3E8006107CF /* WireGuardGoBridge-macOS */,
				6FC8D1F12D48D2B5006107CF /* TunnelExtension-iOS */,
				6FC8D22C2D48D94D006107CF /* WireGuardGoBridge-iOS */,
			);
		};
/* End PBXProject section */

/* Begin PBXResourcesBuildPhase section */
		6FC1A4FB2D421C59005DF64E /* Resources */ = {
			isa = PBXResourcesBuildPhase;
			buildActionMask = 2147483647;
			files = (
			);
			runOnlyForDeploymentPostprocessing = 0;
		};
		6FC8D1AC2D48CF8E006107CF /* Resources */ = {
			isa = PBXResourcesBuildPhase;
			buildActionMask = 2147483647;
			files = (
			);
			runOnlyForDeploymentPostprocessing = 0;
		};
		6FC8D1F02D48D2B5006107CF /* Resources */ = {
			isa = PBXResourcesBuildPhase;
			buildActionMask = 2147483647;
			files = (
			);
			runOnlyForDeploymentPostprocessing = 0;
		};
/* End PBXResourcesBuildPhase section */

/* Begin PBXSourcesBuildPhase section */
		6FC1A4F92D421C59005DF64E /* Sources */ = {
			isa = PBXSourcesBuildPhase;
			buildActionMask = 2147483647;
			files = (
				6FE9C3E72D49E936000E2D4F /* Shared.swift in Sources */,
				6FE9C3E82D49E936000E2D4F /* Logger.swift in Sources */,
			);
			runOnlyForDeploymentPostprocessing = 0;
		};
		6FC8D1AA2D48CF8E006107CF /* Sources */ = {
			isa = PBXSourcesBuildPhase;
			buildActionMask = 2147483647;
			files = (
				6FE9C3C82D49E658000E2D4F /* PacketTunnelProvider.swift in Sources */,
				6FE9C3CA2D49E665000E2D4F /* TunnelConfiguration+WgQuickConfig.swift in Sources */,
				6FE9C3CB2D49E665000E2D4F /* TunnelConfiguration+UapiConfig.swift in Sources */,
				6FE9C3E52D49E936000E2D4F /* Shared.swift in Sources */,
				6FE9C3E62D49E936000E2D4F /* Logger.swift in Sources */,
				6FE9C3CC2D49E665000E2D4F /* WireGuardAdapterInterface.swift in Sources */,
				6FE9C3D22D49E66C000E2D4F /* OpenVPNAdapterInterface.swift in Sources */,
				6FE9C3CD2D49E665000E2D4F /* String+ArrayConversion.swift in Sources */,
			);
			runOnlyForDeploymentPostprocessing = 0;
		};
		6FC8D1EE2D48D2B5006107CF /* Sources */ = {
			isa = PBXSourcesBuildPhase;
			buildActionMask = 2147483647;
			files = (
				6FE9C3C92D49E658000E2D4F /* PacketTunnelProvider.swift in Sources */,
				6FE9C3CE2D49E665000E2D4F /* TunnelConfiguration+WgQuickConfig.swift in Sources */,
				6FE9C3CF2D49E665000E2D4F /* WireGuardAdapterInterface.swift in Sources */,
				6FE9C3E92D49E936000E2D4F /* Shared.swift in Sources */,
				6FE9C3EA2D49E936000E2D4F /* Logger.swift in Sources */,
				6FE9C3D02D49E665000E2D4F /* TunnelConfiguration+UapiConfig.swift in Sources */,
				6FE9C3D12D49E665000E2D4F /* String+ArrayConversion.swift in Sources */,
				6FE9C3D32D49E66C000E2D4F /* OpenVPNAdapterInterface.swift in Sources */,
			);
			runOnlyForDeploymentPostprocessing = 0;
		};
/* End PBXSourcesBuildPhase section */

/* Begin PBXTargetDependency section */
		6FC8D1B82D48CF8E006107CF /* PBXTargetDependency */ = {
			isa = PBXTargetDependency;
			platformFilters = (
				macos,
			);
			target = 6FC8D1AD2D48CF8E006107CF /* TunnelExtension-macOS */;
			targetProxy = 6FC8D1B72D48CF8E006107CF /* PBXContainerItemProxy */;
		};
		6FC8D1FA2D48D2B5006107CF /* PBXTargetDependency */ = {
			isa = PBXTargetDependency;
			platformFilter = ios;
			target = 6FC8D1F12D48D2B5006107CF /* TunnelExtension-iOS */;
			targetProxy = 6FC8D1F92D48D2B5006107CF /* PBXContainerItemProxy */;
		};
		6FE9C3DD2D49E6EC000E2D4F /* PBXTargetDependency */ = {
			isa = PBXTargetDependency;
			target = 6FC8D22C2D48D94D006107CF /* WireGuardGoBridge-iOS */;
			targetProxy = 6FE9C3DC2D49E6EC000E2D4F /* PBXContainerItemProxy */;
		};
		6FE9C3DF2D49E6FB000E2D4F /* PBXTargetDependency */ = {
			isa = PBXTargetDependency;
			target = 6FC8D2282D48D3E8006107CF /* WireGuardGoBridge-macOS */;
			targetProxy = 6FE9C3DE2D49E6FB000E2D4F /* PBXContainerItemProxy */;
		};
/* End PBXTargetDependency section */

/* Begin XCBuildConfiguration section */
		6FC1A50A2D421C5A005DF64E /* Debug */ = {
			isa = XCBuildConfiguration;
			buildSettings = {
				ALWAYS_SEARCH_USER_PATHS = NO;
				ASSETCATALOG_COMPILER_GENERATE_SWIFT_ASSET_SYMBOL_EXTENSIONS = YES;
				CLANG_ANALYZER_NONNULL = YES;
				CLANG_ANALYZER_NUMBER_OBJECT_CONVERSION = YES_AGGRESSIVE;
				CLANG_CXX_LANGUAGE_STANDARD = "gnu++20";
				CLANG_ENABLE_MODULES = YES;
				CLANG_ENABLE_OBJC_ARC = YES;
				CLANG_ENABLE_OBJC_WEAK = YES;
				CLANG_WARN_BLOCK_CAPTURE_AUTORELEASING = YES;
				CLANG_WARN_BOOL_CONVERSION = YES;
				CLANG_WARN_COMMA = YES;
				CLANG_WARN_CONSTANT_CONVERSION = YES;
				CLANG_WARN_DEPRECATED_OBJC_IMPLEMENTATIONS = YES;
				CLANG_WARN_DIRECT_OBJC_ISA_USAGE = YES_ERROR;
				CLANG_WARN_DOCUMENTATION_COMMENTS = YES;
				CLANG_WARN_EMPTY_BODY = YES;
				CLANG_WARN_ENUM_CONVERSION = YES;
				CLANG_WARN_INFINITE_RECURSION = YES;
				CLANG_WARN_INT_CONVERSION = YES;
				CLANG_WARN_NON_LITERAL_NULL_CONVERSION = YES;
				CLANG_WARN_OBJC_IMPLICIT_RETAIN_SELF = YES;
				CLANG_WARN_OBJC_LITERAL_CONVERSION = YES;
				CLANG_WARN_OBJC_ROOT_CLASS = YES_ERROR;
				CLANG_WARN_QUOTED_INCLUDE_IN_FRAMEWORK_HEADER = YES;
				CLANG_WARN_RANGE_LOOP_ANALYSIS = YES;
				CLANG_WARN_STRICT_PROTOTYPES = YES;
				CLANG_WARN_SUSPICIOUS_MOVE = YES;
				CLANG_WARN_UNGUARDED_AVAILABILITY = YES_AGGRESSIVE;
				CLANG_WARN_UNREACHABLE_CODE = YES;
				CLANG_WARN__DUPLICATE_METHOD_MATCH = YES;
				COPY_PHASE_STRIP = NO;
				DEBUG_INFORMATION_FORMAT = dwarf;
				ENABLE_STRICT_OBJC_MSGSEND = YES;
				ENABLE_TESTABILITY = YES;
				ENABLE_USER_SCRIPT_SANDBOXING = YES;
				GCC_C_LANGUAGE_STANDARD = gnu17;
				GCC_DYNAMIC_NO_PIC = NO;
				GCC_NO_COMMON_BLOCKS = YES;
				GCC_OPTIMIZATION_LEVEL = 0;
				GCC_PREPROCESSOR_DEFINITIONS = (
					"DEBUG=1",
					"$(inherited)",
				);
				GCC_WARN_64_TO_32_BIT_CONVERSION = YES;
				GCC_WARN_ABOUT_RETURN_TYPE = YES_ERROR;
				GCC_WARN_UNDECLARED_SELECTOR = YES;
				GCC_WARN_UNINITIALIZED_AUTOS = YES_AGGRESSIVE;
				GCC_WARN_UNUSED_FUNCTION = YES;
				GCC_WARN_UNUSED_VARIABLE = YES;
				LOCALIZATION_PREFERS_STRING_CATALOGS = YES;
				MTL_ENABLE_DEBUG_INFO = INCLUDE_SOURCE;
				MTL_FAST_MATH = YES;
				ONLY_ACTIVE_ARCH = YES;
				SWIFT_ACTIVE_COMPILATION_CONDITIONS = "DEBUG $(inherited)";
				SWIFT_OPTIMIZATION_LEVEL = "-Onone";
			};
			name = Debug;
		};
		6FC1A50B2D421C5A005DF64E /* Release */ = {
			isa = XCBuildConfiguration;
			buildSettings = {
				ALWAYS_SEARCH_USER_PATHS = NO;
				ASSETCATALOG_COMPILER_GENERATE_SWIFT_ASSET_SYMBOL_EXTENSIONS = YES;
				CLANG_ANALYZER_NONNULL = YES;
				CLANG_ANALYZER_NUMBER_OBJECT_CONVERSION = YES_AGGRESSIVE;
				CLANG_CXX_LANGUAGE_STANDARD = "gnu++20";
				CLANG_ENABLE_MODULES = YES;
				CLANG_ENABLE_OBJC_ARC = YES;
				CLANG_ENABLE_OBJC_WEAK = YES;
				CLANG_WARN_BLOCK_CAPTURE_AUTORELEASING = YES;
				CLANG_WARN_BOOL_CONVERSION = YES;
				CLANG_WARN_COMMA = YES;
				CLANG_WARN_CONSTANT_CONVERSION = YES;
				CLANG_WARN_DEPRECATED_OBJC_IMPLEMENTATIONS = YES;
				CLANG_WARN_DIRECT_OBJC_ISA_USAGE = YES_ERROR;
				CLANG_WARN_DOCUMENTATION_COMMENTS = YES;
				CLANG_WARN_EMPTY_BODY = YES;
				CLANG_WARN_ENUM_CONVERSION = YES;
				CLANG_WARN_INFINITE_RECURSION = YES;
				CLANG_WARN_INT_CONVERSION = YES;
				CLANG_WARN_NON_LITERAL_NULL_CONVERSION = YES;
				CLANG_WARN_OBJC_IMPLICIT_RETAIN_SELF = YES;
				CLANG_WARN_OBJC_LITERAL_CONVERSION = YES;
				CLANG_WARN_OBJC_ROOT_CLASS = YES_ERROR;
				CLANG_WARN_QUOTED_INCLUDE_IN_FRAMEWORK_HEADER = YES;
				CLANG_WARN_RANGE_LOOP_ANALYSIS = YES;
				CLANG_WARN_STRICT_PROTOTYPES = YES;
				CLANG_WARN_SUSPICIOUS_MOVE = YES;
				CLANG_WARN_UNGUARDED_AVAILABILITY = YES_AGGRESSIVE;
				CLANG_WARN_UNREACHABLE_CODE = YES;
				CLANG_WARN__DUPLICATE_METHOD_MATCH = YES;
				COPY_PHASE_STRIP = NO;
				DEBUG_INFORMATION_FORMAT = "dwarf-with-dsym";
				ENABLE_NS_ASSERTIONS = NO;
				ENABLE_STRICT_OBJC_MSGSEND = YES;
				ENABLE_USER_SCRIPT_SANDBOXING = YES;
				GCC_C_LANGUAGE_STANDARD = gnu17;
				GCC_NO_COMMON_BLOCKS = YES;
				GCC_WARN_64_TO_32_BIT_CONVERSION = YES;
				GCC_WARN_ABOUT_RETURN_TYPE = YES_ERROR;
				GCC_WARN_UNDECLARED_SELECTOR = YES;
				GCC_WARN_UNINITIALIZED_AUTOS = YES_AGGRESSIVE;
				GCC_WARN_UNUSED_FUNCTION = YES;
				GCC_WARN_UNUSED_VARIABLE = YES;
				LOCALIZATION_PREFERS_STRING_CATALOGS = YES;
				MTL_ENABLE_DEBUG_INFO = NO;
				MTL_FAST_MATH = YES;
				SWIFT_COMPILATION_MODE = wholemodule;
			};
			name = Release;
		};
		6FC1A50D2D421C5A005DF64E /* Debug */ = {
			isa = XCBuildConfiguration;
			baseConfigurationReference = 6FC044422D48CBB600E80B1C /* App.xcconfig */;
			buildSettings = {
				ASSETCATALOG_COMPILER_APPICON_NAME = AppIcon;
				ASSETCATALOG_COMPILER_GLOBAL_ACCENT_COLOR_NAME = AccentColor;
				CODE_SIGN_ENTITLEMENTS = EduVPN/EduVPN.entitlements;
				CODE_SIGN_STYLE = Automatic;
				CURRENT_PROJECT_VERSION = 1;
				DEVELOPMENT_ASSET_PATHS = "\"EduVPN/Preview Content\"";
				DEVELOPMENT_TEAM = "$(inherited)";
				ENABLE_HARDENED_RUNTIME = YES;
				ENABLE_PREVIEWS = YES;
				GENERATE_INFOPLIST_FILE = YES;
				"INFOPLIST_KEY_UIApplicationSceneManifest_Generation[sdk=iphoneos*]" = YES;
				"INFOPLIST_KEY_UIApplicationSceneManifest_Generation[sdk=iphonesimulator*]" = YES;
				"INFOPLIST_KEY_UIApplicationSupportsIndirectInputEvents[sdk=iphoneos*]" = YES;
				"INFOPLIST_KEY_UIApplicationSupportsIndirectInputEvents[sdk=iphonesimulator*]" = YES;
				"INFOPLIST_KEY_UILaunchScreen_Generation[sdk=iphoneos*]" = YES;
				"INFOPLIST_KEY_UILaunchScreen_Generation[sdk=iphonesimulator*]" = YES;
				"INFOPLIST_KEY_UIStatusBarStyle[sdk=iphoneos*]" = UIStatusBarStyleDefault;
				"INFOPLIST_KEY_UIStatusBarStyle[sdk=iphonesimulator*]" = UIStatusBarStyleDefault;
				INFOPLIST_KEY_UISupportedInterfaceOrientations_iPad = "UIInterfaceOrientationPortrait UIInterfaceOrientationPortraitUpsideDown UIInterfaceOrientationLandscapeLeft UIInterfaceOrientationLandscapeRight";
				INFOPLIST_KEY_UISupportedInterfaceOrientations_iPhone = "UIInterfaceOrientationPortrait UIInterfaceOrientationLandscapeLeft UIInterfaceOrientationLandscapeRight";
				IPHONEOS_DEPLOYMENT_TARGET = 15.0;
				LD_RUNPATH_SEARCH_PATHS = "@executable_path/Frameworks";
				"LD_RUNPATH_SEARCH_PATHS[sdk=macosx*]" = "@executable_path/../Frameworks";
				MACOSX_DEPLOYMENT_TARGET = 12.0;
				MARKETING_VERSION = "$(APP_MARKETING_VERSION)";
				PRODUCT_BUNDLE_IDENTIFIER = "$(APP_ID_IOS)";
				"PRODUCT_BUNDLE_IDENTIFIER[sdk=macosx*]" = "$(APP_ID_MACOS)";
				PRODUCT_NAME = "$(TARGET_NAME)";
				SDKROOT = auto;
				SUPPORTED_PLATFORMS = "iphoneos macosx";
				SUPPORTS_MACCATALYST = NO;
				SWIFT_EMIT_LOC_STRINGS = YES;
				SWIFT_VERSION = 5.0;
				TARGETED_DEVICE_FAMILY = "1,2";
				XROS_DEPLOYMENT_TARGET = 2.2;
			};
			name = Debug;
		};
		6FC1A50E2D421C5A005DF64E /* Release */ = {
			isa = XCBuildConfiguration;
			baseConfigurationReference = 6FC044422D48CBB600E80B1C /* App.xcconfig */;
			buildSettings = {
				ASSETCATALOG_COMPILER_APPICON_NAME = AppIcon;
				ASSETCATALOG_COMPILER_GLOBAL_ACCENT_COLOR_NAME = AccentColor;
				CODE_SIGN_ENTITLEMENTS = EduVPN/EduVPN.entitlements;
				CODE_SIGN_STYLE = Automatic;
				CURRENT_PROJECT_VERSION = 1;
				DEVELOPMENT_ASSET_PATHS = "\"EduVPN/Preview Content\"";
				DEVELOPMENT_TEAM = "$(inherited)";
				ENABLE_HARDENED_RUNTIME = YES;
				ENABLE_PREVIEWS = YES;
				GENERATE_INFOPLIST_FILE = YES;
				"INFOPLIST_KEY_UIApplicationSceneManifest_Generation[sdk=iphoneos*]" = YES;
				"INFOPLIST_KEY_UIApplicationSceneManifest_Generation[sdk=iphonesimulator*]" = YES;
				"INFOPLIST_KEY_UIApplicationSupportsIndirectInputEvents[sdk=iphoneos*]" = YES;
				"INFOPLIST_KEY_UIApplicationSupportsIndirectInputEvents[sdk=iphonesimulator*]" = YES;
				"INFOPLIST_KEY_UILaunchScreen_Generation[sdk=iphoneos*]" = YES;
				"INFOPLIST_KEY_UILaunchScreen_Generation[sdk=iphonesimulator*]" = YES;
				"INFOPLIST_KEY_UIStatusBarStyle[sdk=iphoneos*]" = UIStatusBarStyleDefault;
				"INFOPLIST_KEY_UIStatusBarStyle[sdk=iphonesimulator*]" = UIStatusBarStyleDefault;
				INFOPLIST_KEY_UISupportedInterfaceOrientations_iPad = "UIInterfaceOrientationPortrait UIInterfaceOrientationPortraitUpsideDown UIInterfaceOrientationLandscapeLeft UIInterfaceOrientationLandscapeRight";
				INFOPLIST_KEY_UISupportedInterfaceOrientations_iPhone = "UIInterfaceOrientationPortrait UIInterfaceOrientationLandscapeLeft UIInterfaceOrientationLandscapeRight";
				IPHONEOS_DEPLOYMENT_TARGET = 15.0;
				LD_RUNPATH_SEARCH_PATHS = "@executable_path/Frameworks";
				"LD_RUNPATH_SEARCH_PATHS[sdk=macosx*]" = "@executable_path/../Frameworks";
				MACOSX_DEPLOYMENT_TARGET = 12.0;
				MARKETING_VERSION = "$(APP_MARKETING_VERSION)";
				PRODUCT_BUNDLE_IDENTIFIER = "$(APP_ID_IOS)";
				"PRODUCT_BUNDLE_IDENTIFIER[sdk=macosx*]" = "$(APP_ID_MACOS)";
				PRODUCT_NAME = "$(TARGET_NAME)";
				SDKROOT = auto;
				SUPPORTED_PLATFORMS = "iphoneos macosx";
				SUPPORTS_MACCATALYST = NO;
				SWIFT_EMIT_LOC_STRINGS = YES;
				SWIFT_VERSION = 5.0;
				TARGETED_DEVICE_FAMILY = "1,2";
				XROS_DEPLOYMENT_TARGET = 2.2;
			};
			name = Release;
		};
		6FC8D1BB2D48CF8E006107CF /* Debug */ = {
			isa = XCBuildConfiguration;
			baseConfigurationReference = 6FC8D1BF2D48CFB2006107CF /* TunnelExtension.xcconfig */;
			buildSettings = {
				CODE_SIGN_ENTITLEMENTS = TunnelExtensionmacOS/TunnelExtensionmacOS.entitlements;
				CODE_SIGN_STYLE = Automatic;
				CURRENT_PROJECT_VERSION = 1;
				DEVELOPMENT_TEAM = "$(inherited)";
				ENABLE_HARDENED_RUNTIME = YES;
				GENERATE_INFOPLIST_FILE = YES;
				INFOPLIST_FILE = TunnelExtensionmacOS/Info.plist;
				INFOPLIST_KEY_CFBundleDisplayName = TunnelExtensionmacOS;
				INFOPLIST_KEY_NSHumanReadableCopyright = "";
				LD_RUNPATH_SEARCH_PATHS = (
					"$(inherited)",
					"@executable_path/../Frameworks",
					"@executable_path/../../../../Frameworks",
				);
				MACOSX_DEPLOYMENT_TARGET = 12.0;
				MARKETING_VERSION = "$(APP_MARKETING_VERSION)";
				PRODUCT_BUNDLE_IDENTIFIER = "$(APP_ID_MACOS).TunnelExtensionmacOS";
				PRODUCT_NAME = "$(TARGET_NAME)";
				SDKROOT = macosx;
				SKIP_INSTALL = YES;
				SWIFT_EMIT_LOC_STRINGS = YES;
				SWIFT_VERSION = 5.0;
			};
			name = Debug;
		};
		6FC8D1BC2D48CF8E006107CF /* Release */ = {
			isa = XCBuildConfiguration;
			baseConfigurationReference = 6FC8D1BF2D48CFB2006107CF /* TunnelExtension.xcconfig */;
			buildSettings = {
				CODE_SIGN_ENTITLEMENTS = TunnelExtensionmacOS/TunnelExtensionmacOS.entitlements;
				CODE_SIGN_STYLE = Automatic;
				CURRENT_PROJECT_VERSION = 1;
				DEVELOPMENT_TEAM = "$(inherited)";
				ENABLE_HARDENED_RUNTIME = YES;
				GENERATE_INFOPLIST_FILE = YES;
				INFOPLIST_FILE = TunnelExtensionmacOS/Info.plist;
				INFOPLIST_KEY_CFBundleDisplayName = TunnelExtensionmacOS;
				INFOPLIST_KEY_NSHumanReadableCopyright = "";
				LD_RUNPATH_SEARCH_PATHS = (
					"$(inherited)",
					"@executable_path/../Frameworks",
					"@executable_path/../../../../Frameworks",
				);
				MACOSX_DEPLOYMENT_TARGET = 12.0;
				MARKETING_VERSION = "$(APP_MARKETING_VERSION)";
				PRODUCT_BUNDLE_IDENTIFIER = "$(APP_ID_MACOS).TunnelExtensionmacOS";
				PRODUCT_NAME = "$(TARGET_NAME)";
				SDKROOT = macosx;
				SKIP_INSTALL = YES;
				SWIFT_EMIT_LOC_STRINGS = YES;
				SWIFT_VERSION = 5.0;
			};
			name = Release;
		};
		6FC8D1FC2D48D2B5006107CF /* Debug */ = {
			isa = XCBuildConfiguration;
			baseConfigurationReference = 6FC8D1BF2D48CFB2006107CF /* TunnelExtension.xcconfig */;
			buildSettings = {
				CODE_SIGN_ENTITLEMENTS = TunnelExtensioniOS/TunnelExtensioniOS.entitlements;
				CODE_SIGN_STYLE = Automatic;
				CURRENT_PROJECT_VERSION = 1;
				DEVELOPMENT_TEAM = "$(inherited)";
				GENERATE_INFOPLIST_FILE = YES;
				INFOPLIST_FILE = TunnelExtensioniOS/Info.plist;
				INFOPLIST_KEY_CFBundleDisplayName = TunnelExtensioniOS;
				INFOPLIST_KEY_NSHumanReadableCopyright = "";
				IPHONEOS_DEPLOYMENT_TARGET = 15.0;
				LD_RUNPATH_SEARCH_PATHS = (
					"$(inherited)",
					"@executable_path/Frameworks",
					"@executable_path/../../Frameworks",
				);
				MARKETING_VERSION = "$(APP_MARKETING_VERSION)";
				PRODUCT_BUNDLE_IDENTIFIER = "$(APP_ID_IOS).TunnelExtensioniOS";
				PRODUCT_NAME = "$(TARGET_NAME)";
				SDKROOT = iphoneos;
				SKIP_INSTALL = YES;
				SWIFT_EMIT_LOC_STRINGS = YES;
				SWIFT_VERSION = 5.0;
				TARGETED_DEVICE_FAMILY = "1,2";
			};
			name = Debug;
		};
		6FC8D1FD2D48D2B5006107CF /* Release */ = {
			isa = XCBuildConfiguration;
			baseConfigurationReference = 6FC8D1BF2D48CFB2006107CF /* TunnelExtension.xcconfig */;
			buildSettings = {
				CODE_SIGN_ENTITLEMENTS = TunnelExtensioniOS/TunnelExtensioniOS.entitlements;
				CODE_SIGN_STYLE = Automatic;
				CURRENT_PROJECT_VERSION = 1;
				DEVELOPMENT_TEAM = "$(inherited)";
				GENERATE_INFOPLIST_FILE = YES;
				INFOPLIST_FILE = TunnelExtensioniOS/Info.plist;
				INFOPLIST_KEY_CFBundleDisplayName = TunnelExtensioniOS;
				INFOPLIST_KEY_NSHumanReadableCopyright = "";
				IPHONEOS_DEPLOYMENT_TARGET = 15.0;
				LD_RUNPATH_SEARCH_PATHS = (
					"$(inherited)",
					"@executable_path/Frameworks",
					"@executable_path/../../Frameworks",
				);
				MARKETING_VERSION = "$(APP_MARKETING_VERSION)";
				PRODUCT_BUNDLE_IDENTIFIER = "$(APP_ID_IOS).TunnelExtensioniOS";
				PRODUCT_NAME = "$(TARGET_NAME)";
				SDKROOT = iphoneos;
				SKIP_INSTALL = YES;
				SWIFT_EMIT_LOC_STRINGS = YES;
				SWIFT_VERSION = 5.0;
				TARGETED_DEVICE_FAMILY = "1,2";
				VALIDATE_PRODUCT = YES;
			};
			name = Release;
		};
		6FC8D22A2D48D3E9006107CF /* Debug */ = {
			isa = XCBuildConfiguration;
			buildSettings = {
				CODE_SIGN_STYLE = Automatic;
				DEBUGGING_SYMBOLS = YES;
				DEBUG_INFORMATION_FORMAT = dwarf;
				DEVELOPMENT_TEAM = R2NV2FHE22;
				GCC_GENERATE_DEBUGGING_SYMBOLS = YES;
				GCC_OPTIMIZATION_LEVEL = 0;
				OTHER_CFLAGS = "";
				OTHER_LDFLAGS = "";
				PRODUCT_NAME = "$(TARGET_NAME)";
				SDKROOT = macosx;
			};
			name = Debug;
		};
		6FC8D22B2D48D3E9006107CF /* Release */ = {
			isa = XCBuildConfiguration;
			buildSettings = {
				CODE_SIGN_STYLE = Automatic;
				DEBUG_INFORMATION_FORMAT = "dwarf-with-dsym";
				DEVELOPMENT_TEAM = R2NV2FHE22;
				OTHER_CFLAGS = "";
				OTHER_LDFLAGS = "";
				PRODUCT_NAME = "$(TARGET_NAME)";
				SDKROOT = macosx;
			};
			name = Release;
		};
		6FC8D22E2D48D94D006107CF /* Debug */ = {
			isa = XCBuildConfiguration;
			buildSettings = {
				CODE_SIGN_STYLE = Automatic;
				DEBUGGING_SYMBOLS = YES;
				DEBUG_INFORMATION_FORMAT = dwarf;
				DEVELOPMENT_TEAM = R2NV2FHE22;
				GCC_GENERATE_DEBUGGING_SYMBOLS = YES;
				GCC_OPTIMIZATION_LEVEL = 0;
				OTHER_CFLAGS = "";
				OTHER_LDFLAGS = "";
				PRODUCT_NAME = "$(TARGET_NAME)";
				SDKROOT = iphoneos;
			};
			name = Debug;
		};
		6FC8D22F2D48D94D006107CF /* Release */ = {
			isa = XCBuildConfiguration;
			buildSettings = {
				CODE_SIGN_STYLE = Automatic;
				DEBUG_INFORMATION_FORMAT = "dwarf-with-dsym";
				DEVELOPMENT_TEAM = R2NV2FHE22;
				OTHER_CFLAGS = "";
				OTHER_LDFLAGS = "";
				PRODUCT_NAME = "$(TARGET_NAME)";
				SDKROOT = iphoneos;
			};
			name = Release;
		};
/* End XCBuildConfiguration section */

/* Begin XCConfigurationList section */
		6FC1A4F82D421C59005DF64E /* Build configuration list for PBXProject "EduVPN" */ = {
			isa = XCConfigurationList;
			buildConfigurations = (
				6FC1A50A2D421C5A005DF64E /* Debug */,
				6FC1A50B2D421C5A005DF64E /* Release */,
			);
			defaultConfigurationIsVisible = 0;
			defaultConfigurationName = Release;
		};
		6FC1A50C2D421C5A005DF64E /* Build configuration list for PBXNativeTarget "EduVPN" */ = {
			isa = XCConfigurationList;
			buildConfigurations = (
				6FC1A50D2D421C5A005DF64E /* Debug */,
				6FC1A50E2D421C5A005DF64E /* Release */,
			);
			defaultConfigurationIsVisible = 0;
			defaultConfigurationName = Release;
		};
		6FC8D1BE2D48CF8E006107CF /* Build configuration list for PBXNativeTarget "TunnelExtension-macOS" */ = {
			isa = XCConfigurationList;
			buildConfigurations = (
				6FC8D1BB2D48CF8E006107CF /* Debug */,
				6FC8D1BC2D48CF8E006107CF /* Release */,
			);
			defaultConfigurationIsVisible = 0;
			defaultConfigurationName = Release;
		};
		6FC8D1FF2D48D2B5006107CF /* Build configuration list for PBXNativeTarget "TunnelExtension-iOS" */ = {
			isa = XCConfigurationList;
			buildConfigurations = (
				6FC8D1FC2D48D2B5006107CF /* Debug */,
				6FC8D1FD2D48D2B5006107CF /* Release */,
			);
			defaultConfigurationIsVisible = 0;
			defaultConfigurationName = Release;
		};
		6FC8D2292D48D3E9006107CF /* Build configuration list for PBXLegacyTarget "WireGuardGoBridge-macOS" */ = {
			isa = XCConfigurationList;
			buildConfigurations = (
				6FC8D22A2D48D3E9006107CF /* Debug */,
				6FC8D22B2D48D3E9006107CF /* Release */,
			);
			defaultConfigurationIsVisible = 0;
			defaultConfigurationName = Release;
		};
		6FC8D22D2D48D94D006107CF /* Build configuration list for PBXLegacyTarget "WireGuardGoBridge-iOS" */ = {
			isa = XCConfigurationList;
			buildConfigurations = (
				6FC8D22E2D48D94D006107CF /* Debug */,
				6FC8D22F2D48D94D006107CF /* Release */,
			);
			defaultConfigurationIsVisible = 0;
			defaultConfigurationName = Release;
		};
/* End XCConfigurationList section */

/* Begin XCRemoteSwiftPackageReference section */
		6FC2AAD82D48DA8B00BFEB8A /* XCRemoteSwiftPackageReference "wireguard-apple" */ = {
			isa = XCRemoteSwiftPackageReference;
			repositoryURL = "https://github.com/roop/wireguard-apple.git";
			requirement = {
				kind = revision;
				revision = 1f105ca1f1bcf4522bc5e832abb79e7b7c930d43;
			};
		};
		6FC2AAD92D48DE9D00BFEB8A /* XCRemoteSwiftPackageReference "tunnelkit" */ = {
			isa = XCRemoteSwiftPackageReference;
			repositoryURL = "https://github.com/eduvpn/tunnelkit.git";
			requirement = {
				kind = revision;
				revision = 779ce77f746fb7536a83b16b42644c2d02e1f688;
			};
		};
/* End XCRemoteSwiftPackageReference section */

/* Begin XCSwiftPackageProductDependency section */
		6FE9C3D42D49E6A7000E2D4F /* WireGuardKit */ = {
			isa = XCSwiftPackageProductDependency;
			package = 6FC2AAD82D48DA8B00BFEB8A /* XCRemoteSwiftPackageReference "wireguard-apple" */;
			productName = WireGuardKit;
		};
		6FE9C3D62D49E6B2000E2D4F /* WireGuardKit */ = {
			isa = XCSwiftPackageProductDependency;
			package = 6FC2AAD82D48DA8B00BFEB8A /* XCRemoteSwiftPackageReference "wireguard-apple" */;
			productName = WireGuardKit;
		};
		6FE9C3D82D49E6CF000E2D4F /* TunnelKit */ = {
			isa = XCSwiftPackageProductDependency;
			package = 6FC2AAD92D48DE9D00BFEB8A /* XCRemoteSwiftPackageReference "tunnelkit" */;
			productName = TunnelKit;
		};
		6FE9C3DA2D49E6D7000E2D4F /* TunnelKit */ = {
			isa = XCSwiftPackageProductDependency;
			package = 6FC2AAD92D48DE9D00BFEB8A /* XCRemoteSwiftPackageReference "tunnelkit" */;
			productName = TunnelKit;
		};
		6FE9C3E02D49E8DA000E2D4F /* TunnelKitOpenVPN */ = {
			isa = XCSwiftPackageProductDependency;
			package = 6FC2AAD92D48DE9D00BFEB8A /* XCRemoteSwiftPackageReference "tunnelkit" */;
			productName = TunnelKitOpenVPN;
		};
		6FE9C3EB2D49E96F000E2D4F /* TunnelKitOpenVPNAppExtension */ = {
			isa = XCSwiftPackageProductDependency;
			package = 6FC2AAD92D48DE9D00BFEB8A /* XCRemoteSwiftPackageReference "tunnelkit" */;
			productName = TunnelKitOpenVPNAppExtension;
		};
		6FE9C3ED2D49EA79000E2D4F /* TunnelKitOpenVPN */ = {
			isa = XCSwiftPackageProductDependency;
			package = 6FC2AAD92D48DE9D00BFEB8A /* XCRemoteSwiftPackageReference "tunnelkit" */;
			productName = TunnelKitOpenVPN;
		};
		6FE9C3EF2D49EA7C000E2D4F /* TunnelKitOpenVPNAppExtension */ = {
			isa = XCSwiftPackageProductDependency;
			package = 6FC2AAD92D48DE9D00BFEB8A /* XCRemoteSwiftPackageReference "tunnelkit" */;
			productName = TunnelKitOpenVPNAppExtension;
		};
/* End XCSwiftPackageProductDependency section */
	};
	rootObject = 6FC1A4F52D421C59005DF64E /* Project object */;
}
